
Microsoft Visual Studio Solution File, Format Version 12.00
# Visual Studio 2012
Project("{FAE04EC0-301F-11D3-BF4B-00C04F79EFBC}") = "WebOrdering", "WebApplication1\WebOrdering.csproj", "{801358DB-6B8D-4EBD-915E-BCB7F24653CE}"
EndProject
Project("{FAE04EC0-301F-11D3-BF4B-00C04F79EFBC}") = "NwindDB", "NwindDB\NwindDB.csproj", "{9FEA44DF-00B7-49F1-9F57-08864ACD8E44}"
EndProject
Global
	GlobalSection(SolutionConfigurationPlatforms) = preSolution
		Debug|Any CPU = Debug|Any CPU
		Release|Any CPU = Release|Any CPU
	EndGlobalSection
	GlobalSection(ProjectConfigurationPlatforms) = postSolution
		{801358DB-6B8D-4EBD-915E-BCB7F24653CE}.Debug|Any CPU.ActiveCfg = Debug|Any CPU
		{801358DB-6B8D-4EBD-915E-BCB7F24653CE}.Debug|Any CPU.Build.0 = Debug|Any CPU
		{801358DB-6B8D-4EBD-915E-BCB7F24653CE}.Release|Any CPU.ActiveCfg = Release|Any CPU
		{801358DB-6B8D-4EBD-915E-BCB7F24653CE}.Release|Any CPU.Build.0 = Release|Any CPU
		{9FEA44DF-00B7-49F1-9F57-08864ACD8E44}.Debug|Any CPU.ActiveCfg = Debug|Any CPU
		{9FEA44DF-00B7-49F1-9F57-08864ACD8E44}.Debug|Any CPU.Build.0 = Debug|Any CPU
		{9FEA44DF-00B7-49F1-9F57-08864ACD8E44}.Release|Any CPU.ActiveCfg = Release|Any CPU
		{9FEA44DF-00B7-49F1-9F57-08864ACD8E44}.Release|Any CPU.Build.0 = Release|Any CPU
	EndGlobalSection
	GlobalSection(SolutionProperties) = preSolution
		HideSolutionNode = FALSE
	EndGlobalSection
EndGlobal
